
Microsoft Visual Studio Solution File, Format Version 11.00
# Visual Studio 2010
Project("{8BC9CEB8-8B4A-11D0-8D11-00A0C91BC942}") = "Q20", "Q20\Q20.vcxproj", "{CDD1996E-73FB-4482-B24B-90CEC0A3242F}"
EndProject
Global
	GlobalSection(SolutionConfigurationPlatforms) = preSolution
		Debug|Win32 = Debug|Win32
		Release|Win32 = Release|Win32
	EndGlobalSection
	GlobalSection(ProjectConfigurationPlatforms) = postSolution
		{CDD1996E-73FB-4482-B24B-90CEC0A3242F}.Debug|Win32.ActiveCfg = Debug|Win32
		{CDD1996E-73FB-4482-B24B-90CEC0A3242F}.Debug|Win32.Build.0 = Debug|Win32
		{CDD1996E-73FB-4482-B24B-90CEC0A3242F}.Release|Win32.ActiveCfg = Release|Win32
		{CDD1996E-73FB-4482-B24B-90CEC0A3242F}.Release|Win32.Build.0 = Release|Win32
	EndGlobalSection
	GlobalSection(SolutionProperties) = preSolution
		HideSolutionNode = FALSE
	EndGlobalSection
EndGlobal
